
Microsoft Visual Studio Solution File, Format Version 12.00
Project("{FAE04EC0-301F-11D3-BF4B-00C04F79EFBC}") = "AutoSettingUI.Generator", "src\AutoSettingUI.Generator\AutoSettingUI.Generator.csproj", "{B7DC0B72-9060-49DB-89E0-63FBDD9269DA}"
EndProject
Project("{FAE04EC0-301F-11D3-BF4B-00C04F79EFBC}") = "AutoSettingUI.Core", "src\AutoSettingUI.Core\AutoSettingUI.Core.csproj", "{8B64B632-C05C-4710-AA8C-819CF86319E8}"
EndProject
Project("{FAE04EC0-301F-11D3-BF4B-00C04F79EFBC}") = "AutoSettingUI.Avalonia", "src\Extensions\AutoSettingUI.Avalonia\AutoSettingUI.Avalonia.csproj", "{3E7B0764-8E81-48C1-9FCC-5A68F26EA5A7}"
EndProject
Project("{FAE04EC0-301F-11D3-BF4B-00C04F79EFBC}") = "AutoSettingUI.Ursa", "src\Extensions\AutoSettingUI.Ursa\AutoSettingUI.Ursa.csproj", "{6B03215F-DF2B-43BA-84B7-F25DAA32F01C}"
EndProject
Project("{FAE04EC0-301F-11D3-BF4B-00C04F79EFBC}") = "AutoSettingUI.WPF", "src\Extensions\AutoSettingUI.WPF\AutoSettingUI.WPF.csproj", "{1946E7A7-8E8C-4D59-9BB5-992175F10056}"
EndProject
Project("{FAE04EC0-301F-11D3-BF4B-00C04F79EFBC}") = "AutoSettingUI.Ursa.Demo", "Demo\AutoSettingUI.Ursa.Demo\AutoSettingUI.Ursa.Demo.csproj", "{7EA78283-035E-4304-B4C9-B7ACB48CCE76}"
EndProject
Project("{FAE04EC0-301F-11D3-BF4B-00C04F79EFBC}") = "AutoSettingUI.Wpf.Demo", "Demo\AutoSettingUI.Wpf.Demo\AutoSettingUI.Wpf.Demo.csproj", "{4BCC25E0-57BC-4A5D-93FF-CF0F89FDFABF}"
EndProject
Project("{2150E333-8FDC-42A3-9474-1A3956D46DE8}") = "src", "src", "{E9EAEB75-13C9-4AC0-9734-F2374DC8A194}"
EndProject
Project("{2150E333-8FDC-42A3-9474-1A3956D46DE8}") = "demo", "demo", "{3A0A0E24-18BB-44B1-BD38-3E1F4C881F1E}"
EndProject
Project("{2150E333-8FDC-42A3-9474-1A3956D46DE8}") = "extensions", "extensions", "{FEC5DFBE-67B3-44C8-81C9-90C4213BF940}"
EndProject
Project("{2150E333-8FDC-42A3-9474-1A3956D46DE8}") = "AvaloniaCrossPlatform", "AvaloniaCrossPlatform", "{62B1B8AC-AF4B-444C-BDD0-86BE0BB0F6C1}"
EndProject
Project("{FAE04EC0-301F-11D3-BF4B-00C04F79EFBC}") = "AutoSettingUI.Avalonia.CrossPlatform.Demo", "Demo\AutoSettingUI.Avalonia.CrossPlatform.Demo\AutoSettingUI.Avalonia.CrossPlatform.Demo\AutoSettingUI.Avalonia.CrossPlatform.Demo.csproj", "{19698F26-0666-44FB-9FFD-94DB5708FAF9}"
EndProject
Project("{FAE04EC0-301F-11D3-BF4B-00C04F79EFBC}") = "AutoSettingUI.Avalonia.CrossPlatform.Demo.Desktop", "Demo\AutoSettingUI.Avalonia.CrossPlatform.Demo\AutoSettingUI.Avalonia.CrossPlatform.Demo.Desktop\AutoSettingUI.Avalonia.CrossPlatform.Demo.Desktop.csproj", "{486DD3CB-E8F5-4CE2-A8EA-5CAB8601351C}"
EndProject
Project("{FAE04EC0-301F-11D3-BF4B-00C04F79EFBC}") = "AutoSettingUI.Avalonia.CrossPlatform.Demo.Android", "Demo\AutoSettingUI.Avalonia.CrossPlatform.Demo\AutoSettingUI.Avalonia.CrossPlatform.Demo.Android\AutoSettingUI.Avalonia.CrossPlatform.Demo.Android.csproj", "{6AA39E2F-349F-4D85-B9A3-034357B24C88}"
EndProject
Project("{FAE04EC0-301F-11D3-BF4B-00C04F79EFBC}") = "AutoSettingUI.Avalonia.CrossPlatform.Demo.Browser", "Demo\AutoSettingUI.Avalonia.CrossPlatform.Demo\AutoSettingUI.Avalonia.CrossPlatform.Demo.Browser\AutoSettingUI.Avalonia.CrossPlatform.Demo.Browser.csproj", "{8962BC40-338D-4FFE-AD6E-F072B033F091}"
EndProject
Project("{FAE04EC0-301F-11D3-BF4B-00C04F79EFBC}") = "AutoSettingUI.Avalonia.CrossPlatform.Demo.iOS", "Demo\AutoSettingUI.Avalonia.CrossPlatform.Demo\AutoSettingUI.Avalonia.CrossPlatform.Demo.iOS\AutoSettingUI.Avalonia.CrossPlatform.Demo.iOS.csproj", "{770DA765-6AF7-41EE-A390-11072AB7AADE}"
EndProject
Project("{FAE04EC0-301F-11D3-BF4B-00C04F79EFBC}") = "AutoSettingUI.Extension.Shared", "AutoSettingUI.Extension.Shared\AutoSettingUI.Extension.Shared.csproj", "{7DC3E7DE-A099-4741-BEB8-519263BC5378}"
EndProject
Global
	GlobalSection(SolutionConfigurationPlatforms) = preSolution
		Debug|Any CPU = Debug|Any CPU
		Release|Any CPU = Release|Any CPU
	EndGlobalSection
	GlobalSection(ProjectConfigurationPlatforms) = postSolution
		{B7DC0B72-9060-49DB-89E0-63FBDD9269DA}.Debug|Any CPU.ActiveCfg = Debug|Any CPU
		{B7DC0B72-9060-49DB-89E0-63FBDD9269DA}.Debug|Any CPU.Build.0 = Debug|Any CPU
		{B7DC0B72-9060-49DB-89E0-63FBDD9269DA}.Release|Any CPU.ActiveCfg = Release|Any CPU
		{B7DC0B72-9060-49DB-89E0-63FBDD9269DA}.Release|Any CPU.Build.0 = Release|Any CPU
		{8B64B632-C05C-4710-AA8C-819CF86319E8}.Debug|Any CPU.ActiveCfg = Debug|Any CPU
		{8B64B632-C05C-4710-AA8C-819CF86319E8}.Debug|Any CPU.Build.0 = Debug|Any CPU
		{8B64B632-C05C-4710-AA8C-819CF86319E8}.Release|Any CPU.ActiveCfg = Release|Any CPU
		{8B64B632-C05C-4710-AA8C-819CF86319E8}.Release|Any CPU.Build.0 = Release|Any CPU
		{3E7B0764-8E81-48C1-9FCC-5A68F26EA5A7}.Debug|Any CPU.ActiveCfg = Debug|Any CPU
		{3E7B0764-8E81-48C1-9FCC-5A68F26EA5A7}.Debug|Any CPU.Build.0 = Debug|Any CPU
		{3E7B0764-8E81-48C1-9FCC-5A68F26EA5A7}.Release|Any CPU.ActiveCfg = Release|Any CPU
		{3E7B0764-8E81-48C1-9FCC-5A68F26EA5A7}.Release|Any CPU.Build.0 = Release|Any CPU
		{6B03215F-DF2B-43BA-84B7-F25DAA32F01C}.Debug|Any CPU.ActiveCfg = Debug|Any CPU
		{6B03215F-DF2B-43BA-84B7-F25DAA32F01C}.Debug|Any CPU.Build.0 = Debug|Any CPU
		{6B03215F-DF2B-43BA-84B7-F25DAA32F01C}.Release|Any CPU.ActiveCfg = Release|Any CPU
		{6B03215F-DF2B-43BA-84B7-F25DAA32F01C}.Release|Any CPU.Build.0 = Release|Any CPU
		{1946E7A7-8E8C-4D59-9BB5-992175F10056}.Debug|Any CPU.ActiveCfg = Debug|Any CPU
		{1946E7A7-8E8C-4D59-9BB5-992175F10056}.Debug|Any CPU.Build.0 = Debug|Any CPU
		{1946E7A7-8E8C-4D59-9BB5-992175F10056}.Release|Any CPU.ActiveCfg = Release|Any CPU
		{1946E7A7-8E8C-4D59-9BB5-992175F10056}.Release|Any CPU.Build.0 = Release|Any CPU
		{7EA78283-035E-4304-B4C9-B7ACB48CCE76}.Debug|Any CPU.ActiveCfg = Debug|Any CPU
		{7EA78283-035E-4304-B4C9-B7ACB48CCE76}.Debug|Any CPU.Build.0 = Debug|Any CPU
		{7EA78283-035E-4304-B4C9-B7ACB48CCE76}.Release|Any CPU.ActiveCfg = Release|Any CPU
		{7EA78283-035E-4304-B4C9-B7ACB48CCE76}.Release|Any CPU.Build.0 = Release|Any CPU
		{4BCC25E0-57BC-4A5D-93FF-CF0F89FDFABF}.Debug|Any CPU.ActiveCfg = Debug|Any CPU
		{4BCC25E0-57BC-4A5D-93FF-CF0F89FDFABF}.Debug|Any CPU.Build.0 = Debug|Any CPU
		{4BCC25E0-57BC-4A5D-93FF-CF0F89FDFABF}.Release|Any CPU.ActiveCfg = Release|Any CPU
		{4BCC25E0-57BC-4A5D-93FF-CF0F89FDFABF}.Release|Any CPU.Build.0 = Release|Any CPU
		{19698F26-0666-44FB-9FFD-94DB5708FAF9}.Debug|Any CPU.ActiveCfg = Debug|Any CPU
		{19698F26-0666-44FB-9FFD-94DB5708FAF9}.Debug|Any CPU.Build.0 = Debug|Any CPU
		{19698F26-0666-44FB-9FFD-94DB5708FAF9}.Release|Any CPU.ActiveCfg = Release|Any CPU
		{19698F26-0666-44FB-9FFD-94DB5708FAF9}.Release|Any CPU.Build.0 = Release|Any CPU
		{486DD3CB-E8F5-4CE2-A8EA-5CAB8601351C}.Debug|Any CPU.ActiveCfg = Debug|Any CPU
		{486DD3CB-E8F5-4CE2-A8EA-5CAB8601351C}.Debug|Any CPU.Build.0 = Debug|Any CPU
		{486DD3CB-E8F5-4CE2-A8EA-5CAB8601351C}.Release|Any CPU.ActiveCfg = Release|Any CPU
		{486DD3CB-E8F5-4CE2-A8EA-5CAB8601351C}.Release|Any CPU.Build.0 = Release|Any CPU
		{6AA39E2F-349F-4D85-B9A3-034357B24C88}.Debug|Any CPU.ActiveCfg = Debug|Any CPU
		{6AA39E2F-349F-4D85-B9A3-034357B24C88}.Debug|Any CPU.Build.0 = Debug|Any CPU
		{6AA39E2F-349F-4D85-B9A3-034357B24C88}.Release|Any CPU.ActiveCfg = Release|Any CPU
		{6AA39E2F-349F-4D85-B9A3-034357B24C88}.Release|Any CPU.Build.0 = Release|Any CPU
		{8962BC40-338D-4FFE-AD6E-F072B033F091}.Debug|Any CPU.ActiveCfg = Debug|Any CPU
		{8962BC40-338D-4FFE-AD6E-F072B033F091}.Debug|Any CPU.Build.0 = Debug|Any CPU
		{8962BC40-338D-4FFE-AD6E-F072B033F091}.Release|Any CPU.ActiveCfg = Release|Any CPU
		{8962BC40-338D-4FFE-AD6E-F072B033F091}.Release|Any CPU.Build.0 = Release|Any CPU
		{770DA765-6AF7-41EE-A390-11072AB7AADE}.Debug|Any CPU.ActiveCfg = Debug|Any CPU
		{770DA765-6AF7-41EE-A390-11072AB7AADE}.Debug|Any CPU.Build.0 = Debug|Any CPU
		{770DA765-6AF7-41EE-A390-11072AB7AADE}.Release|Any CPU.ActiveCfg = Release|Any CPU
		{770DA765-6AF7-41EE-A390-11072AB7AADE}.Release|Any CPU.Build.0 = Release|Any CPU
		{7DC3E7DE-A099-4741-BEB8-519263BC5378}.Debug|Any CPU.ActiveCfg = Debug|Any CPU
		{7DC3E7DE-A099-4741-BEB8-519263BC5378}.Debug|Any CPU.Build.0 = Debug|Any CPU
		{7DC3E7DE-A099-4741-BEB8-519263BC5378}.Release|Any CPU.ActiveCfg = Release|Any CPU
		{7DC3E7DE-A099-4741-BEB8-519263BC5378}.Release|Any CPU.Build.0 = Release|Any CPU
	EndGlobalSection
	GlobalSection(SolutionProperties) = preSolution
		HideSolutionNode = FALSE
	EndGlobalSection
	GlobalSection(NestedProjects) = preSolution
		{B7DC0B72-9060-49DB-89E0-63FBDD9269DA} = {E9EAEB75-13C9-4AC0-9734-F2374DC8A194}
		{8B64B632-C05C-4710-AA8C-819CF86319E8} = {E9EAEB75-13C9-4AC0-9734-F2374DC8A194}
		{3E7B0764-8E81-48C1-9FCC-5A68F26EA5A7} = {FEC5DFBE-67B3-44C8-81C9-90C4213BF940}
		{6B03215F-DF2B-43BA-84B7-F25DAA32F01C} = {FEC5DFBE-67B3-44C8-81C9-90C4213BF940}
		{1946E7A7-8E8C-4D59-9BB5-992175F10056} = {FEC5DFBE-67B3-44C8-81C9-90C4213BF940}
		{7EA78283-035E-4304-B4C9-B7ACB48CCE76} = {3A0A0E24-18BB-44B1-BD38-3E1F4C881F1E}
		{4BCC25E0-57BC-4A5D-93FF-CF0F89FDFABF} = {3A0A0E24-18BB-44B1-BD38-3E1F4C881F1E}
		{62B1B8AC-AF4B-444C-BDD0-86BE0BB0F6C1} = {3A0A0E24-18BB-44B1-BD38-3E1F4C881F1E}
		{19698F26-0666-44FB-9FFD-94DB5708FAF9} = {62B1B8AC-AF4B-444C-BDD0-86BE0BB0F6C1}
		{486DD3CB-E8F5-4CE2-A8EA-5CAB8601351C} = {62B1B8AC-AF4B-444C-BDD0-86BE0BB0F6C1}
		{6AA39E2F-349F-4D85-B9A3-034357B24C88} = {62B1B8AC-AF4B-444C-BDD0-86BE0BB0F6C1}
		{8962BC40-338D-4FFE-AD6E-F072B033F091} = {62B1B8AC-AF4B-444C-BDD0-86BE0BB0F6C1}
		{770DA765-6AF7-41EE-A390-11072AB7AADE} = {62B1B8AC-AF4B-444C-BDD0-86BE0BB0F6C1}
		{7DC3E7DE-A099-4741-BEB8-519263BC5378} = {FEC5DFBE-67B3-44C8-81C9-90C4213BF940}
	EndGlobalSection
EndGlobal
