
Microsoft Visual Studio Solution File, Format Version 12.00
Project("{FAE04EC0-301F-11D3-BF4B-00C04F79EFBC}") = "AutoSettingUI", "AutoSettingUI\AutoSettingUI.csproj", "{4DDCB947-2881-4B95-8BCA-953A74844031}"
EndProject
Project("{FAE04EC0-301F-11D3-BF4B-00C04F79EFBC}") = "AutoSettingUI.Core", "AutoSettingUI.Core\AutoSettingUI.Core.csproj", "{A1B2C3D4-E5F6-7890-ABCD-EF1234567890}"
EndProject
Project("{FAE04EC0-301F-11D3-BF4B-00C04F79EFBC}") = "AutoSettingUI.Generator", "AutoSettingUI.Generator\AutoSettingUI.Generator.csproj", "{B2C3D4E5-F6A7-8901-BCDE-F23456789012}"
EndProject
Project("{FAE04EC0-301F-11D3-BF4B-00C04F79EFBC}") = "AutoSettingUI.WPF", "AutoSettingUI.WPF\AutoSettingUI.WPF.csproj", "{C3D4E5F6-A7B8-9012-CDEF-345678901234}"
EndProject
Project("{FAE04EC0-301F-11D3-BF4B-00C04F79EFBC}") = "AutoSettingUI.Avalonia", "AutoSettingUI.Avalonia\AutoSettingUI.Avalonia.csproj", "{D4E5F6A7-B8C9-0123-DEFA-456789012345}"
EndProject
Project("{FAE04EC0-301F-11D3-BF4B-00C04F79EFBC}") = "AutoSettingUI.Ursa", "AutoSettingUI.Ursa\AutoSettingUI.Ursa.csproj", "{E5F6A7B8-C9D0-1234-EFAB-567890123456}"
EndProject
Project("{2150E333-8FDC-42A3-9474-1A3956D46DE8}") = "src", "src", "{13D704CF-49C2-4965-B2CF-5D149BEDFA28}"
EndProject
Project("{2150E333-8FDC-42A3-9474-1A3956D46DE8}") = "demo", "demo", "{C65DBB2A-8C21-492C-8C9E-AA615A37FA8A}"
EndProject
Project("{FAE04EC0-301F-11D3-BF4B-00C04F79EFBC}") = "AutoSettingUI.Wpf.Demo", "AutoSettingUI.Wpf.Demo\AutoSettingUI.Wpf.Demo.csproj", "{E0D91A7F-E70C-485B-BBC1-053CE3B57FE3}"
EndProject
Project("{2150E333-8FDC-42A3-9474-1A3956D46DE8}") = "Extensions", "Extensions", "{4D740292-2B0F-41BA-84AD-007BEBE79919}"
EndProject
Project("{FAE04EC0-301F-11D3-BF4B-00C04F79EFBC}") = "AutoSettingUI.Avalonia.Demo", "AutoSettingUI.Avalonia.Demo\AutoSettingUI.Avalonia.Demo.csproj", "{31860223-59DE-4CC5-93F6-0AC09133D022}"
EndProject
Project("{FAE04EC0-301F-11D3-BF4B-00C04F79EFBC}") = "AutoSettingUI.Ursa.Demo", "AutoSettingUI.Ursa.Demo\AutoSettingUI.Ursa.Demo.csproj", "{9482A66C-6E86-4802-8DB4-1A4CC3B3AD73}"
EndProject
Global
	GlobalSection(SolutionConfigurationPlatforms) = preSolution
		Debug|Any CPU = Debug|Any CPU
		Release|Any CPU = Release|Any CPU
	EndGlobalSection
	GlobalSection(ProjectConfigurationPlatforms) = postSolution
		{4DDCB947-2881-4B95-8BCA-953A74844031}.Debug|Any CPU.ActiveCfg = Debug|Any CPU
		{4DDCB947-2881-4B95-8BCA-953A74844031}.Debug|Any CPU.Build.0 = Debug|Any CPU
		{4DDCB947-2881-4B95-8BCA-953A74844031}.Release|Any CPU.ActiveCfg = Release|Any CPU
		{4DDCB947-2881-4B95-8BCA-953A74844031}.Release|Any CPU.Build.0 = Release|Any CPU
		{A1B2C3D4-E5F6-7890-ABCD-EF1234567890}.Debug|Any CPU.ActiveCfg = Debug|Any CPU
		{A1B2C3D4-E5F6-7890-ABCD-EF1234567890}.Debug|Any CPU.Build.0 = Debug|Any CPU
		{A1B2C3D4-E5F6-7890-ABCD-EF1234567890}.Release|Any CPU.ActiveCfg = Release|Any CPU
		{A1B2C3D4-E5F6-7890-ABCD-EF1234567890}.Release|Any CPU.Build.0 = Release|Any CPU
		{B2C3D4E5-F6A7-8901-BCDE-F23456789012}.Debug|Any CPU.ActiveCfg = Debug|Any CPU
		{B2C3D4E5-F6A7-8901-BCDE-F23456789012}.Debug|Any CPU.Build.0 = Debug|Any CPU
		{B2C3D4E5-F6A7-8901-BCDE-F23456789012}.Release|Any CPU.ActiveCfg = Release|Any CPU
		{B2C3D4E5-F6A7-8901-BCDE-F23456789012}.Release|Any CPU.Build.0 = Release|Any CPU
		{C3D4E5F6-A7B8-9012-CDEF-345678901234}.Debug|Any CPU.ActiveCfg = Debug|Any CPU
		{C3D4E5F6-A7B8-9012-CDEF-345678901234}.Debug|Any CPU.Build.0 = Debug|Any CPU
		{C3D4E5F6-A7B8-9012-CDEF-345678901234}.Release|Any CPU.ActiveCfg = Release|Any CPU
		{C3D4E5F6-A7B8-9012-CDEF-345678901234}.Release|Any CPU.Build.0 = Release|Any CPU
		{D4E5F6A7-B8C9-0123-DEFA-456789012345}.Debug|Any CPU.ActiveCfg = Debug|Any CPU
		{D4E5F6A7-B8C9-0123-DEFA-456789012345}.Debug|Any CPU.Build.0 = Debug|Any CPU
		{D4E5F6A7-B8C9-0123-DEFA-456789012345}.Release|Any CPU.ActiveCfg = Release|Any CPU
		{D4E5F6A7-B8C9-0123-DEFA-456789012345}.Release|Any CPU.Build.0 = Release|Any CPU
		{E5F6A7B8-C9D0-1234-EFAB-567890123456}.Debug|Any CPU.ActiveCfg = Debug|Any CPU
		{E5F6A7B8-C9D0-1234-EFAB-567890123456}.Debug|Any CPU.Build.0 = Debug|Any CPU
		{E5F6A7B8-C9D0-1234-EFAB-567890123456}.Release|Any CPU.ActiveCfg = Release|Any CPU
		{E5F6A7B8-C9D0-1234-EFAB-567890123456}.Release|Any CPU.Build.0 = Release|Any CPU
		{E0D91A7F-E70C-485B-BBC1-053CE3B57FE3}.Debug|Any CPU.ActiveCfg = Debug|Any CPU
		{E0D91A7F-E70C-485B-BBC1-053CE3B57FE3}.Debug|Any CPU.Build.0 = Debug|Any CPU
		{E0D91A7F-E70C-485B-BBC1-053CE3B57FE3}.Release|Any CPU.ActiveCfg = Release|Any CPU
		{E0D91A7F-E70C-485B-BBC1-053CE3B57FE3}.Release|Any CPU.Build.0 = Release|Any CPU
		{31860223-59DE-4CC5-93F6-0AC09133D022}.Debug|Any CPU.ActiveCfg = Debug|Any CPU
		{31860223-59DE-4CC5-93F6-0AC09133D022}.Debug|Any CPU.Build.0 = Debug|Any CPU
		{31860223-59DE-4CC5-93F6-0AC09133D022}.Release|Any CPU.ActiveCfg = Release|Any CPU
		{31860223-59DE-4CC5-93F6-0AC09133D022}.Release|Any CPU.Build.0 = Release|Any CPU
		{9482A66C-6E86-4802-8DB4-1A4CC3B3AD73}.Debug|Any CPU.ActiveCfg = Debug|Any CPU
		{9482A66C-6E86-4802-8DB4-1A4CC3B3AD73}.Debug|Any CPU.Build.0 = Debug|Any CPU
		{9482A66C-6E86-4802-8DB4-1A4CC3B3AD73}.Release|Any CPU.ActiveCfg = Release|Any CPU
		{9482A66C-6E86-4802-8DB4-1A4CC3B3AD73}.Release|Any CPU.Build.0 = Release|Any CPU
	EndGlobalSection
	GlobalSection(NestedProjects) = preSolution
		{4DDCB947-2881-4B95-8BCA-953A74844031} = {13D704CF-49C2-4965-B2CF-5D149BEDFA28}
		{A1B2C3D4-E5F6-7890-ABCD-EF1234567890} = {13D704CF-49C2-4965-B2CF-5D149BEDFA28}
		{B2C3D4E5-F6A7-8901-BCDE-F23456789012} = {13D704CF-49C2-4965-B2CF-5D149BEDFA28}
		{E0D91A7F-E70C-485B-BBC1-053CE3B57FE3} = {C65DBB2A-8C21-492C-8C9E-AA615A37FA8A}
		{4D740292-2B0F-41BA-84AD-007BEBE79919} = {13D704CF-49C2-4965-B2CF-5D149BEDFA28}
		{E5F6A7B8-C9D0-1234-EFAB-567890123456} = {4D740292-2B0F-41BA-84AD-007BEBE79919}
		{C3D4E5F6-A7B8-9012-CDEF-345678901234} = {4D740292-2B0F-41BA-84AD-007BEBE79919}
		{D4E5F6A7-B8C9-0123-DEFA-456789012345} = {4D740292-2B0F-41BA-84AD-007BEBE79919}
		{31860223-59DE-4CC5-93F6-0AC09133D022} = {C65DBB2A-8C21-492C-8C9E-AA615A37FA8A}
		{9482A66C-6E86-4802-8DB4-1A4CC3B3AD73} = {C65DBB2A-8C21-492C-8C9E-AA615A37FA8A}
	EndGlobalSection
EndGlobal
